
Microsoft Visual Studio Solution File, Format Version 12.00
# Visual Studio Version 16
VisualStudioVersion = 16.0.32002.261
MinimumVisualStudioVersion = 10.0.40219.1
Project("{FAE04EC0-301F-11D3-BF4B-00C04F79EFBC}") = "Task1", "Task1\Task1.csproj", "{7E28BF6B-82F9-43DF-8040-3C8D2C7FC70B}"
EndProject
Project("{FAE04EC0-301F-11D3-BF4B-00C04F79EFBC}") = "Task2", "Task2\Task2.csproj", "{B83DB090-1B39-4178-B19E-E2D0BD1C4647}"
EndProject
Project("{FAE04EC0-301F-11D3-BF4B-00C04F79EFBC}") = "Task3", "Task3\Task3.csproj", "{A5300BF9-4259-40D8-808E-8E6F9B4E9978}"
EndProject
Project("{FAE04EC0-301F-11D3-BF4B-00C04F79EFBC}") = "Task4", "Task4\Task4.csproj", "{570A838A-1AAD-4E0E-8AD9-905AF7CE8711}"
EndProject
Project("{FAE04EC0-301F-11D3-BF4B-00C04F79EFBC}") = "Task5", "Task5\Task5.csproj", "{B9CA067A-7CA9-476B-8B36-4A430CD74EA2}"
EndProject
Project("{FAE04EC0-301F-11D3-BF4B-00C04F79EFBC}") = "Task6", "Task6\Task6.csproj", "{44DBC141-FEE5-432A-8A73-D50B5B69562B}"
EndProject
Global
	GlobalSection(SolutionConfigurationPlatforms) = preSolution
		Debug|Any CPU = Debug|Any CPU
		Release|Any CPU = Release|Any CPU
	EndGlobalSection
	GlobalSection(ProjectConfigurationPlatforms) = postSolution
		{7E28BF6B-82F9-43DF-8040-3C8D2C7FC70B}.Debug|Any CPU.ActiveCfg = Debug|Any CPU
		{7E28BF6B-82F9-43DF-8040-3C8D2C7FC70B}.Debug|Any CPU.Build.0 = Debug|Any CPU
		{7E28BF6B-82F9-43DF-8040-3C8D2C7FC70B}.Release|Any CPU.ActiveCfg = Release|Any CPU
		{7E28BF6B-82F9-43DF-8040-3C8D2C7FC70B}.Release|Any CPU.Build.0 = Release|Any CPU
		{B83DB090-1B39-4178-B19E-E2D0BD1C4647}.Debug|Any CPU.ActiveCfg = Debug|Any CPU
		{B83DB090-1B39-4178-B19E-E2D0BD1C4647}.Debug|Any CPU.Build.0 = Debug|Any CPU
		{B83DB090-1B39-4178-B19E-E2D0BD1C4647}.Release|Any CPU.ActiveCfg = Release|Any CPU
		{B83DB090-1B39-4178-B19E-E2D0BD1C4647}.Release|Any CPU.Build.0 = Release|Any CPU
		{A5300BF9-4259-40D8-808E-8E6F9B4E9978}.Debug|Any CPU.ActiveCfg = Debug|Any CPU
		{A5300BF9-4259-40D8-808E-8E6F9B4E9978}.Debug|Any CPU.Build.0 = Debug|Any CPU
		{A5300BF9-4259-40D8-808E-8E6F9B4E9978}.Release|Any CPU.ActiveCfg = Release|Any CPU
		{A5300BF9-4259-40D8-808E-8E6F9B4E9978}.Release|Any CPU.Build.0 = Release|Any CPU
		{570A838A-1AAD-4E0E-8AD9-905AF7CE8711}.Debug|Any CPU.ActiveCfg = Debug|Any CPU
		{570A838A-1AAD-4E0E-8AD9-905AF7CE8711}.Debug|Any CPU.Build.0 = Debug|Any CPU
		{570A838A-1AAD-4E0E-8AD9-905AF7CE8711}.Release|Any CPU.ActiveCfg = Release|Any CPU
		{570A838A-1AAD-4E0E-8AD9-905AF7CE8711}.Release|Any CPU.Build.0 = Release|Any CPU
		{B9CA067A-7CA9-476B-8B36-4A430CD74EA2}.Debug|Any CPU.ActiveCfg = Debug|Any CPU
		{B9CA067A-7CA9-476B-8B36-4A430CD74EA2}.Debug|Any CPU.Build.0 = Debug|Any CPU
		{B9CA067A-7CA9-476B-8B36-4A430CD74EA2}.Release|Any CPU.ActiveCfg = Release|Any CPU
		{B9CA067A-7CA9-476B-8B36-4A430CD74EA2}.Release|Any CPU.Build.0 = Release|Any CPU
		{44DBC141-FEE5-432A-8A73-D50B5B69562B}.Debug|Any CPU.ActiveCfg = Debug|Any CPU
		{44DBC141-FEE5-432A-8A73-D50B5B69562B}.Debug|Any CPU.Build.0 = Debug|Any CPU
		{44DBC141-FEE5-432A-8A73-D50B5B69562B}.Release|Any CPU.ActiveCfg = Release|Any CPU
		{44DBC141-FEE5-432A-8A73-D50B5B69562B}.Release|Any CPU.Build.0 = Release|Any CPU
	EndGlobalSection
	GlobalSection(SolutionProperties) = preSolution
		HideSolutionNode = FALSE
	EndGlobalSection
	GlobalSection(ExtensibilityGlobals) = postSolution
		SolutionGuid = {289E11AF-BA21-4D8A-B985-CDC3B6337C9D}
	EndGlobalSection
EndGlobal
